
Microsoft Visual Studio Solution File, Format Version 12.00
# Visual Studio Version 17
VisualStudioVersion = 17.6.33815.320
MinimumVisualStudioVersion = 10.0.40219.1
Project("{FAE04EC0-301F-11D3-BF4B-00C04F79EFBC}") = "PRN231.CPR.API", "PRN231.CPR.API\PRN231.CPR.API.csproj", "{8A85EE76-F8EB-4CC7-B4C6-252ED095B0AE}"
EndProject
Project("{FAE04EC0-301F-11D3-BF4B-00C04F79EFBC}") = "BusinessObjects", "BusinessObjects\BusinessObjects.csproj", "{326FC817-154F-49AB-879E-347EE1208A78}"
EndProject
Project("{FAE04EC0-301F-11D3-BF4B-00C04F79EFBC}") = "DataAccess", "DataAccess\DataAccess.csproj", "{A003326F-2AD4-449B-93A6-42B9236300BE}"
EndProject
Project("{FAE04EC0-301F-11D3-BF4B-00C04F79EFBC}") = "Repository", "Repository\Repository.csproj", "{713B06FF-374C-4F1F-81A0-639247B2E512}"
EndProject
Project("{FAE04EC0-301F-11D3-BF4B-00C04F79EFBC}") = "PRN231.CPR.Page", "PRN231.CPR.Page\PRN231.CPR.Page.csproj", "{F97279F7-BD01-49BE-BE4A-AF747ED9D848}"
EndProject
Global
	GlobalSection(SolutionConfigurationPlatforms) = preSolution
		Debug|Any CPU = Debug|Any CPU
		Release|Any CPU = Release|Any CPU
	EndGlobalSection
	GlobalSection(ProjectConfigurationPlatforms) = postSolution
		{8A85EE76-F8EB-4CC7-B4C6-252ED095B0AE}.Debug|Any CPU.ActiveCfg = Debug|Any CPU
		{8A85EE76-F8EB-4CC7-B4C6-252ED095B0AE}.Debug|Any CPU.Build.0 = Debug|Any CPU
		{8A85EE76-F8EB-4CC7-B4C6-252ED095B0AE}.Release|Any CPU.ActiveCfg = Release|Any CPU
		{8A85EE76-F8EB-4CC7-B4C6-252ED095B0AE}.Release|Any CPU.Build.0 = Release|Any CPU
		{326FC817-154F-49AB-879E-347EE1208A78}.Debug|Any CPU.ActiveCfg = Debug|Any CPU
		{326FC817-154F-49AB-879E-347EE1208A78}.Debug|Any CPU.Build.0 = Debug|Any CPU
		{326FC817-154F-49AB-879E-347EE1208A78}.Release|Any CPU.ActiveCfg = Release|Any CPU
		{326FC817-154F-49AB-879E-347EE1208A78}.Release|Any CPU.Build.0 = Release|Any CPU
		{A003326F-2AD4-449B-93A6-42B9236300BE}.Debug|Any CPU.ActiveCfg = Debug|Any CPU
		{A003326F-2AD4-449B-93A6-42B9236300BE}.Debug|Any CPU.Build.0 = Debug|Any CPU
		{A003326F-2AD4-449B-93A6-42B9236300BE}.Release|Any CPU.ActiveCfg = Release|Any CPU
		{A003326F-2AD4-449B-93A6-42B9236300BE}.Release|Any CPU.Build.0 = Release|Any CPU
		{713B06FF-374C-4F1F-81A0-639247B2E512}.Debug|Any CPU.ActiveCfg = Debug|Any CPU
		{713B06FF-374C-4F1F-81A0-639247B2E512}.Debug|Any CPU.Build.0 = Debug|Any CPU
		{713B06FF-374C-4F1F-81A0-639247B2E512}.Release|Any CPU.ActiveCfg = Release|Any CPU
		{713B06FF-374C-4F1F-81A0-639247B2E512}.Release|Any CPU.Build.0 = Release|Any CPU
		{F97279F7-BD01-49BE-BE4A-AF747ED9D848}.Debug|Any CPU.ActiveCfg = Debug|Any CPU
		{F97279F7-BD01-49BE-BE4A-AF747ED9D848}.Debug|Any CPU.Build.0 = Debug|Any CPU
		{F97279F7-BD01-49BE-BE4A-AF747ED9D848}.Release|Any CPU.ActiveCfg = Release|Any CPU
		{F97279F7-BD01-49BE-BE4A-AF747ED9D848}.Release|Any CPU.Build.0 = Release|Any CPU
	EndGlobalSection
	GlobalSection(SolutionProperties) = preSolution
		HideSolutionNode = FALSE
	EndGlobalSection
	GlobalSection(ExtensibilityGlobals) = postSolution
		SolutionGuid = {997463EC-4143-4B12-B465-3F3470E0F587}
	EndGlobalSection
EndGlobal
